PODS:
  - PinLayout (1.10.4)
  - RxCocoa (6.5.0):
    - RxRelay (= 6.5.0)
    - RxSwift (= 6.5.0)
  - RxRelay (6.5.0):
    - RxSwift (= 6.5.0)
  - RxSwift (6.5.0)
  - XServiceLocator (1.0.0)

DEPENDENCIES:
  - PinLayout
  - RxCocoa
  - RxSwift
  - XServiceLocator

SPEC REPOS:
  trunk:
    - PinLayout
    - RxCocoa
    - RxRelay
    - RxSwift
    - XServiceLocator

SPEC CHECKSUMS:
  PinLayout: f8a677ce0cd1cfe96b58435d029b4ceb4ce9c04c
  RxCocoa: 94f817b71c07517321eb4f9ad299112ca8af743b
  RxRelay: 1de1523e604c72b6c68feadedd1af3b1b4d0ecbd
  RxSwift: 5710a9e6b17f3c3d6e40d6e559b9fa1e813b2ef8
  XServiceLocator: c4dd6ec44fc0c9205326f230d21e890d077e806c

PODFILE CHECKSUM: 3e49cf79b47cdd7c4e3c19cc9f2aff7adebfe84c

COCOAPODS: 1.11.2
